{
  "version": 4,
  "terraform_version": "1.6.3",
  "serial": 6708,
  "lineage": "103a022b-e13f-b3f2-b4ff-74123f98b612",
  "outputs": {},
  "resources": [
    {
      "mode": "managed",
      "type": "terraform_data",
      "name": "run_ansible",
      "provider": "provider[\"terraform.io/builtin/terraform\"]",
      "instances": [
        {
          "schema_version": 0,
          "attributes": {
            "id": "4fc56b2a-b4ea-560d-a2b0-df88db506cad",
            "input": null,
            "output": null,
            "triggers_replace": null
          },
          "sensitive_attributes": [],
          "dependencies": [
            "yandex_iam_service_account.custom_sa",
            "yandex_kubernetes_cluster.zonal_cluster_resource_name",
            "yandex_kubernetes_node_group.custom_kubernetes_node_group",
            "yandex_logging_group.custom_logging",
            "yandex_vpc_network.custom_vpc",
            "yandex_vpc_security_group.custom_sg",
            "yandex_vpc_subnet.custom_subnet"
          ]
        }
      ]
    },
    {
      "mode": "managed",
      "type": "yandex_iam_service_account",
      "name": "custom_sa",
      "provider": "provider[\"registry.terraform.io/yandex-cloud/yandex\"]",
      "instances": [
        {
          "schema_version": 0,
          "attributes": {
            "created_at": "2024-04-06T15:45:55Z",
            "description": "this is k8s admin service account",
            "folder_id": "b1ghlehokvsh6kmdg74q",
            "id": "ajevpro4iq12jqrf7kie",
            "name": "sa-k8s-admin",
            "timeouts": null
          },
          "sensitive_attributes": [],
          "private": "eyJlMmJmYjczMC1lY2FhLTExZTYtOGY4OC0zNDM2M2JjN2M0YzAiOnsiY3JlYXRlIjo2MDAwMDAwMDAwMCwiZGVsZXRlIjo2MDAwMDAwMDAwMCwidXBkYXRlIjo2MDAwMDAwMDAwMH19"
        }
      ]
    },
    {
      "mode": "managed",
      "type": "yandex_kubernetes_cluster",
      "name": "zonal_cluster_resource_name",
      "provider": "provider[\"registry.terraform.io/yandex-cloud/yandex\"]",
      "instances": [
        {
          "schema_version": 0,
          "attributes": {
            "cluster_ipv4_range": "10.112.0.0/16",
            "cluster_ipv6_range": "",
            "created_at": "2024-04-06T15:46:02Z",
            "description": "description",
            "folder_id": "b1ghlehokvsh6kmdg74q",
            "health": "healthy",
            "id": "catf6r7hm763mj1eg22g",
            "kms_provider": [],
            "labels": {
              "my_key": "my_value",
              "my_other_key": "my_other_value"
            },
            "log_group_id": "",
            "master": [
              {
                "cluster_ca_certificate": "-----BEGIN CERTIFICATE-----\nMIIC5zCCAc+gAwIBAgIBADANBgkqhkiG9w0BAQsFADAVMRMwEQYDVQQDEwprdWJl\ncm5ldGVzMB4XDTI0MDQwNjE1NDYwNFoXDTM0MDQwNDE1NDYwNFowFTETMBEGA1UE\nAxMKa3ViZXJuZXRlczCCASIwDQYJKoZIhvcNAQEBBQADggEPADCCAQoCggEBAOP2\nSi2cfUpYN8Qv4+CDVuytnZ80VusWDqi80dIlXZ9eO+n81tMH1b/e6e1FrYKMYD05\nT37KkFWNfj11YV/TGP5UrueqBQUfpl4EuZA69QHJmOmZ6VRrdS3Dg3hgTF/0YyeN\n+bW8HE5V/pvGK9V4/H09kZ17RAwrj+0O4a3vMufvmLnfLsghp1TwecYzmRr1KEQq\nVGCKliPClhlsBenBMTTWQ7B0AfJwsm9yhmcjxfreW7jOevhYTifcG9uVtJOB6gbF\nlC/uL3DygAsjI6a++xe8rkn0tfa5/lAqgVYLVOtOwqOLxv8yRUaaonWBSC7ToNkR\nSSp8L9Nxz1gsxBxPp9sCAwEAAaNCMEAwDgYDVR0PAQH/BAQDAgKkMA8GA1UdEwEB\n/wQFMAMBAf8wHQYDVR0OBBYEFFrTDoV/xPRAbI86LHlefdiMyKGMMA0GCSqGSIb3\nDQEBCwUAA4IBAQAgyDL1LGeZvXa3Iw0im/QurHfL4F0uIM0V0VC1atQ2QhA/i5Sh\nDQEpA/z8Y1oUavPcN0ju+fo6ik73cGdurbQYTsTMgBTGu/7OLATCxifKRXaOrkON\nsMW1k1VQ1gD676rGuFFJVRqFQKVJBL5f4V+dR9R73fH0VpwZsBZtIjgAhDAVfUlk\nekvx7lJUWGpxijeWezJ3F7b2qiY+cy97Mn39krexTfUYQwFZJ2LET5YuOQFRSg6Z\nt/UC7Lwp3ycq9Q+w2n7cF7Mluf6nZCGDuujyD2i5kZzFmW40BQZx7A49Dad+rovz\nmlMCp7aIX8gvv1byE1Dz4+dBWaQlqzIL/Fu1\n-----END CERTIFICATE-----\n",
                "etcd_cluster_size": 1,
                "external_v4_address": "62.84.113.58",
                "external_v4_endpoint": "https://62.84.113.58",
                "external_v6_address": "",
                "external_v6_endpoint": "",
                "internal_v4_address": "10.5.0.24",
                "internal_v4_endpoint": "https://10.5.0.24",
                "maintenance_policy": [
                  {
                    "auto_upgrade": true,
                    "maintenance_window": [
                      {
                        "day": "",
                        "duration": "3h",
                        "start_time": "15:00"
                      }
                    ]
                  }
                ],
                "master_location": [
                  {
                    "subnet_id": "e9bdkqriq02aq72k5ros",
                    "zone": "ru-central1-a"
                  }
                ],
                "master_logging": [
                  {
                    "audit_enabled": true,
                    "cluster_autoscaler_enabled": true,
                    "enabled": true,
                    "events_enabled": true,
                    "folder_id": "",
                    "kube_apiserver_enabled": true,
                    "log_group_id": "e23atpiparenmfq8bffc"
                  }
                ],
                "public_ip": true,
                "regional": [],
                "security_group_ids": [
                  "enp0i7eflmm2laj5d9m4"
                ],
                "version": "1.28",
                "version_info": [
                  {
                    "current_version": "1.28",
                    "new_revision_available": false,
                    "new_revision_summary": "",
                    "version_deprecated": false
                  }
                ],
                "zonal": [
                  {
                    "subnet_id": "e9bdkqriq02aq72k5ros",
                    "zone": "ru-central1-a"
                  }
                ]
              }
            ],
            "name": "name",
            "network_id": "enpef98kgdf7g02jakk4",
            "network_implementation": [],
            "network_policy_provider": "CALICO",
            "node_ipv4_cidr_mask_size": 24,
            "node_service_account_id": "ajevpro4iq12jqrf7kie",
            "release_channel": "RAPID",
            "service_account_id": "ajevpro4iq12jqrf7kie",
            "service_ipv4_range": "10.96.0.0/16",
            "service_ipv6_range": "",
            "status": "running",
            "timeouts": null
          },
          "sensitive_attributes": [],
          "private": "eyJlMmJmYjczMC1lY2FhLTExZTYtOGY4OC0zNDM2M2JjN2M0YzAiOnsiY3JlYXRlIjoxODAwMDAwMDAwMDAwLCJkZWxldGUiOjEyMDAwMDAwMDAwMDAsInJlYWQiOjMwMDAwMDAwMDAwMCwidXBkYXRlIjoxODAwMDAwMDAwMDAwfX0=",
          "dependencies": [
            "yandex_iam_service_account.custom_sa",
            "yandex_logging_group.custom_logging",
            "yandex_vpc_network.custom_vpc",
            "yandex_vpc_security_group.custom_sg",
            "yandex_vpc_subnet.custom_subnet"
          ]
        }
      ]
    },
    {
      "mode": "managed",
      "type": "yandex_kubernetes_node_group",
      "name": "custom_kubernetes_node_group",
      "provider": "provider[\"registry.terraform.io/yandex-cloud/yandex\"]",
      "instances": [
        {
          "schema_version": 0,
          "attributes": {
            "allocation_policy": [
              {
                "location": [
                  {
                    "subnet_id": "e9bdkqriq02aq72k5ros",
                    "zone": "ru-central1-a"
                  }
                ]
              }
            ],
            "allowed_unsafe_sysctls": null,
            "cluster_id": "catf6r7hm763mj1eg22g",
            "created_at": "2024-04-06T15:53:27Z",
            "deploy_policy": [
              {
                "max_expansion": 3,
                "max_unavailable": 0
              }
            ],
            "description": "",
            "id": "catbo01rhs5kgv7m51sn",
            "instance_group_id": "cl1kg7jpcs22q8gb7rkb",
            "instance_template": [
              {
                "boot_disk": [
                  {
                    "size": 64,
                    "type": "network-hdd"
                  }
                ],
                "container_network": [
                  {
                    "pod_mtu": 0
                  }
                ],
                "container_runtime": [
                  {
                    "type": "containerd"
                  }
                ],
                "gpu_settings": [],
                "labels": null,
                "metadata": {},
                "name": "project-{instance.short_id}",
                "nat": true,
                "network_acceleration_type": "standard",
                "network_interface": [
                  {
                    "ipv4": true,
                    "ipv4_dns_records": [],
                    "ipv6": false,
                    "ipv6_dns_records": [],
                    "nat": true,
                    "security_group_ids": null,
                    "subnet_ids": [
                      "e9bdkqriq02aq72k5ros"
                    ]
                  }
                ],
                "placement_policy": [],
                "platform_id": "standard-v2",
                "resources": [
                  {
                    "core_fraction": 100,
                    "cores": 8,
                    "gpus": 0,
                    "memory": 16
                  }
                ],
                "scheduling_policy": [
                  {
                    "preemptible": false
                  }
                ]
              }
            ],
            "labels": {},
            "maintenance_policy": [
              {
                "auto_repair": true,
                "auto_upgrade": true,
                "maintenance_window": []
              }
            ],
            "name": "custom-node-group",
            "node_labels": null,
            "node_taints": null,
            "scale_policy": [
              {
                "auto_scale": [],
                "fixed_scale": [
                  {
                    "size": 1
                  }
                ]
              }
            ],
            "status": "running",
            "timeouts": null,
            "version": "1.28",
            "version_info": [
              {
                "current_version": "1.28",
                "new_revision_available": false,
                "new_revision_summary": "",
                "version_deprecated": false
              }
            ]
          },
          "sensitive_attributes": [],
          "private": "eyJlMmJmYjczMC1lY2FhLTExZTYtOGY4OC0zNDM2M2JjN2M0YzAiOnsiY3JlYXRlIjozNjAwMDAwMDAwMDAwLCJkZWxldGUiOjEyMDAwMDAwMDAwMDAsInJlYWQiOjYwMDAwMDAwMDAwMCwidXBkYXRlIjozNjAwMDAwMDAwMDAwfX0=",
          "dependencies": [
            "yandex_iam_service_account.custom_sa",
            "yandex_kubernetes_cluster.zonal_cluster_resource_name",
            "yandex_logging_group.custom_logging",
            "yandex_vpc_network.custom_vpc",
            "yandex_vpc_security_group.custom_sg",
            "yandex_vpc_subnet.custom_subnet"
          ]
        }
      ]
    },
    {
      "mode": "managed",
      "type": "yandex_logging_group",
      "name": "custom_logging",
      "provider": "provider[\"registry.terraform.io/yandex-cloud/yandex\"]",
      "instances": [
        {
          "schema_version": 0,
          "attributes": {
            "cloud_id": "b1g73nnahnk820brr5up",
            "created_at": "2024-04-06T15:45:55Z",
            "data_stream": "",
            "description": "",
            "folder_id": "b1ghlehokvsh6kmdg74q",
            "id": "e23atpiparenmfq8bffc",
            "labels": null,
            "name": "custom-logging",
            "retention_period": "5h0m0s",
            "status": "ACTIVE",
            "timeouts": null
          },
          "sensitive_attributes": [],
          "private": "eyJlMmJmYjczMC1lY2FhLTExZTYtOGY4OC0zNDM2M2JjN2M0YzAiOnsiY3JlYXRlIjozMDAwMDAwMDAwMCwiZGVmYXVsdCI6MzAwMDAwMDAwMDAsImRlbGV0ZSI6MzAwMDAwMDAwMDAsInJlYWQiOjMwMDAwMDAwMDAwLCJ1cGRhdGUiOjMwMDAwMDAwMDAwfX0="
        }
      ]
    },
    {
      "mode": "managed",
      "type": "yandex_resourcemanager_folder_iam_member",
      "name": "custom_sa_permissions",
      "provider": "provider[\"registry.terraform.io/yandex-cloud/yandex\"]",
      "instances": [
        {
          "schema_version": 0,
          "attributes": {
            "folder_id": "b1ghlehokvsh6kmdg74q",
            "id": "b1ghlehokvsh6kmdg74q/admin/serviceAccount:ajevpro4iq12jqrf7kie",
            "member": "serviceAccount:ajevpro4iq12jqrf7kie",
            "role": "admin",
            "sleep_after": null,
            "timeouts": null
          },
          "sensitive_attributes": [],
          "private": "eyJlMmJmYjczMC1lY2FhLTExZTYtOGY4OC0zNDM2M2JjN2M0YzAiOnsiY3JlYXRlIjo2MDAwMDAwMDAwMCwiZGVmYXVsdCI6NjAwMDAwMDAwMDAsImRlbGV0ZSI6NjAwMDAwMDAwMDAsInJlYWQiOjYwMDAwMDAwMDAwLCJ1cGRhdGUiOjYwMDAwMDAwMDAwfX0=",
          "dependencies": [
            "yandex_iam_service_account.custom_sa"
          ]
        }
      ]
    },
    {
      "mode": "managed",
      "type": "yandex_vpc_address",
      "name": "custom_addr",
      "provider": "provider[\"registry.terraform.io/yandex-cloud/yandex\"]",
      "instances": [
        {
          "schema_version": 0,
          "attributes": {
            "created_at": "2024-04-06T15:45:56Z",
            "deletion_protection": false,
            "description": "",
            "external_ipv4_address": [
              {
                "address": "130.193.36.189",
                "ddos_protection_provider": "",
                "outgoing_smtp_capability": "",
                "zone_id": "ru-central1-a"
              }
            ],
            "folder_id": "b1ghlehokvsh6kmdg74q",
            "id": "e9bntov86f86kfie56ju",
            "labels": {},
            "name": "exampleAddress",
            "reserved": true,
            "timeouts": null,
            "used": false
          },
          "sensitive_attributes": [],
          "private": "eyJlMmJmYjczMC1lY2FhLTExZTYtOGY4OC0zNDM2M2JjN2M0YzAiOnsiY3JlYXRlIjozMDAwMDAwMDAwMCwiZGVsZXRlIjozMDAwMDAwMDAwMCwidXBkYXRlIjozMDAwMDAwMDAwMH19"
        }
      ]
    },
    {
      "mode": "managed",
      "type": "yandex_vpc_network",
      "name": "custom_vpc",
      "provider": "provider[\"registry.terraform.io/yandex-cloud/yandex\"]",
      "instances": [
        {
          "schema_version": 0,
          "attributes": {
            "created_at": "2024-04-06T15:45:55Z",
            "default_security_group_id": "enpkocagkt5rv9208ba0",
            "description": "",
            "folder_id": "b1ghlehokvsh6kmdg74q",
            "id": "enpef98kgdf7g02jakk4",
            "labels": {},
            "name": "custom_vpc",
            "subnet_ids": [],
            "timeouts": null
          },
          "sensitive_attributes": [],
          "private": "eyJlMmJmYjczMC1lY2FhLTExZTYtOGY4OC0zNDM2M2JjN2M0YzAiOnsiY3JlYXRlIjo2MDAwMDAwMDAwMCwiZGVsZXRlIjo2MDAwMDAwMDAwMCwidXBkYXRlIjo2MDAwMDAwMDAwMH19"
        }
      ]
    },
    {
      "mode": "managed",
      "type": "yandex_vpc_security_group",
      "name": "custom_sg",
      "provider": "provider[\"registry.terraform.io/yandex-cloud/yandex\"]",
      "instances": [
        {
          "schema_version": 0,
          "attributes": {
            "created_at": "2024-04-06T15:46:00Z",
            "description": "My Security group",
            "egress": [
              {
                "description": "Outcoming traf",
                "from_port": -1,
                "id": "enpn6r2e8gl4obtfn5g2",
                "labels": {},
                "port": -1,
                "predefined_target": "",
                "protocol": "ANY",
                "security_group_id": "",
                "to_port": -1,
                "v4_cidr_blocks": [
                  "0.0.0.0/0"
                ],
                "v6_cidr_blocks": []
              }
            ],
            "folder_id": "b1ghlehokvsh6kmdg74q",
            "id": "enp0i7eflmm2laj5d9m4",
            "ingress": [
              {
                "description": "",
                "from_port": -1,
                "id": "enp0ep0i4r9va5tcvmtm",
                "labels": {},
                "port": 33060,
                "predefined_target": "",
                "protocol": "TCP",
                "security_group_id": "",
                "to_port": -1,
                "v4_cidr_blocks": [
                  "0.0.0.0/0"
                ],
                "v6_cidr_blocks": []
              },
              {
                "description": "",
                "from_port": -1,
                "id": "enp0gbsfie6m5ujj224a",
                "labels": {},
                "port": 3306,
                "predefined_target": "",
                "protocol": "TCP",
                "security_group_id": "",
                "to_port": -1,
                "v4_cidr_blocks": [
                  "0.0.0.0/0"
                ],
                "v6_cidr_blocks": []
              },
              {
                "description": "",
                "from_port": -1,
                "id": "enp1b0jrjk1jvg8j8btt",
                "labels": {},
                "port": 22,
                "predefined_target": "",
                "protocol": "TCP",
                "security_group_id": "",
                "to_port": -1,
                "v4_cidr_blocks": [
                  "0.0.0.0/0"
                ],
                "v6_cidr_blocks": []
              },
              {
                "description": "",
                "from_port": -1,
                "id": "enp40t0vpui1c4r336pg",
                "labels": {},
                "port": 4567,
                "predefined_target": "",
                "protocol": "TCP",
                "security_group_id": "",
                "to_port": -1,
                "v4_cidr_blocks": [
                  "0.0.0.0/0"
                ],
                "v6_cidr_blocks": []
              },
              {
                "description": "",
                "from_port": -1,
                "id": "enp4m1j7pu0dhef7lsbm",
                "labels": {},
                "port": 9600,
                "predefined_target": "",
                "protocol": "TCP",
                "security_group_id": "",
                "to_port": -1,
                "v4_cidr_blocks": [
                  "0.0.0.0/0"
                ],
                "v6_cidr_blocks": []
              },
              {
                "description": "",
                "from_port": -1,
                "id": "enp7s8o63m5dmnjvb733",
                "labels": {},
                "port": 443,
                "predefined_target": "",
                "protocol": "TCP",
                "security_group_id": "",
                "to_port": -1,
                "v4_cidr_blocks": [
                  "0.0.0.0/0"
                ],
                "v6_cidr_blocks": []
              },
              {
                "description": "",
                "from_port": -1,
                "id": "enp82mou91fohqirvvlg",
                "labels": {},
                "port": 6033,
                "predefined_target": "",
                "protocol": "TCP",
                "security_group_id": "",
                "to_port": -1,
                "v4_cidr_blocks": [
                  "0.0.0.0/0"
                ],
                "v6_cidr_blocks": []
              },
              {
                "description": "",
                "from_port": -1,
                "id": "enp97qqjgrg7udo9fr13",
                "labels": {},
                "port": 24224,
                "predefined_target": "",
                "protocol": "TCP",
                "security_group_id": "",
                "to_port": -1,
                "v4_cidr_blocks": [
                  "0.0.0.0/0"
                ],
                "v6_cidr_blocks": []
              },
              {
                "description": "",
                "from_port": -1,
                "id": "enp9lvgtbgs5j750iaf5",
                "labels": {},
                "port": 6032,
                "predefined_target": "",
                "protocol": "TCP",
                "security_group_id": "",
                "to_port": -1,
                "v4_cidr_blocks": [
                  "0.0.0.0/0"
                ],
                "v6_cidr_blocks": []
              },
              {
                "description": "",
                "from_port": -1,
                "id": "enpc4qoiouuk6f66ccq4",
                "labels": {},
                "port": 9092,
                "predefined_target": "",
                "protocol": "TCP",
                "security_group_id": "",
                "to_port": -1,
                "v4_cidr_blocks": [
                  "0.0.0.0/0"
                ],
                "v6_cidr_blocks": []
              },
              {
                "description": "",
                "from_port": -1,
                "id": "enpcaunn48a1pf6rcf7f",
                "labels": {},
                "port": 4568,
                "predefined_target": "",
                "protocol": "TCP",
                "security_group_id": "",
                "to_port": -1,
                "v4_cidr_blocks": [
                  "0.0.0.0/0"
                ],
                "v6_cidr_blocks": []
              },
              {
                "description": "",
                "from_port": -1,
                "id": "enpd061cujmggjmrd527",
                "labels": {},
                "port": 9200,
                "predefined_target": "",
                "protocol": "TCP",
                "security_group_id": "",
                "to_port": -1,
                "v4_cidr_blocks": [
                  "0.0.0.0/0"
                ],
                "v6_cidr_blocks": []
              },
              {
                "description": "",
                "from_port": -1,
                "id": "enpdd7ovns1rjj4ouhck",
                "labels": {},
                "port": 4444,
                "predefined_target": "",
                "protocol": "TCP",
                "security_group_id": "",
                "to_port": -1,
                "v4_cidr_blocks": [
                  "0.0.0.0/0"
                ],
                "v6_cidr_blocks": []
              },
              {
                "description": "",
                "from_port": -1,
                "id": "enph56pl0fvv2t1r729j",
                "labels": {},
                "port": 9300,
                "predefined_target": "",
                "protocol": "TCP",
                "security_group_id": "",
                "to_port": -1,
                "v4_cidr_blocks": [
                  "0.0.0.0/0"
                ],
                "v6_cidr_blocks": []
              },
              {
                "description": "",
                "from_port": -1,
                "id": "enpmtdrsesv4ciiihomi",
                "labels": {},
                "port": 5601,
                "predefined_target": "",
                "protocol": "TCP",
                "security_group_id": "",
                "to_port": -1,
                "v4_cidr_blocks": [
                  "0.0.0.0/0"
                ],
                "v6_cidr_blocks": []
              },
              {
                "description": "",
                "from_port": -1,
                "id": "enpn12sdpmphhjcj19pa",
                "labels": {},
                "port": 80,
                "predefined_target": "",
                "protocol": "TCP",
                "security_group_id": "",
                "to_port": -1,
                "v4_cidr_blocks": [
                  "0.0.0.0/0"
                ],
                "v6_cidr_blocks": []
              },
              {
                "description": "",
                "from_port": -1,
                "id": "enpnk3l2ejiahq5vco6c",
                "labels": {},
                "port": 2181,
                "predefined_target": "",
                "protocol": "TCP",
                "security_group_id": "",
                "to_port": -1,
                "v4_cidr_blocks": [
                  "0.0.0.0/0"
                ],
                "v6_cidr_blocks": []
              },
              {
                "description": "",
                "from_port": -1,
                "id": "enppphm551lpg75grpm7",
                "labels": {},
                "port": 3888,
                "predefined_target": "",
                "protocol": "TCP",
                "security_group_id": "",
                "to_port": -1,
                "v4_cidr_blocks": [
                  "0.0.0.0/0"
                ],
                "v6_cidr_blocks": []
              },
              {
                "description": "",
                "from_port": -1,
                "id": "enpqt2cjjee72ui3k2l6",
                "labels": {},
                "port": 9250,
                "predefined_target": "",
                "protocol": "TCP",
                "security_group_id": "",
                "to_port": -1,
                "v4_cidr_blocks": [
                  "0.0.0.0/0"
                ],
                "v6_cidr_blocks": []
              },
              {
                "description": "",
                "from_port": -1,
                "id": "enpttt37j9eanvq2c21i",
                "labels": {},
                "port": 2888,
                "predefined_target": "",
                "protocol": "TCP",
                "security_group_id": "",
                "to_port": -1,
                "v4_cidr_blocks": [
                  "0.0.0.0/0"
                ],
                "v6_cidr_blocks": []
              }
            ],
            "labels": {},
            "name": "WebServer security group",
            "network_id": "enpef98kgdf7g02jakk4",
            "status": "ACTIVE",
            "timeouts": null
          },
          "sensitive_attributes": [],
          "private": "eyJlMmJmYjczMC1lY2FhLTExZTYtOGY4OC0zNDM2M2JjN2M0YzAiOnsiY3JlYXRlIjoxODAwMDAwMDAwMDAsImRlbGV0ZSI6MTgwMDAwMDAwMDAwLCJ1cGRhdGUiOjE4MDAwMDAwMDAwMH19",
          "dependencies": [
            "yandex_vpc_network.custom_vpc"
          ]
        }
      ]
    },
    {
      "mode": "managed",
      "type": "yandex_vpc_subnet",
      "name": "custom_subnet",
      "provider": "provider[\"registry.terraform.io/yandex-cloud/yandex\"]",
      "instances": [
        {
          "schema_version": 0,
          "attributes": {
            "created_at": "2024-04-06T15:45:58Z",
            "description": "",
            "dhcp_options": [],
            "folder_id": "b1ghlehokvsh6kmdg74q",
            "id": "e9bdkqriq02aq72k5ros",
            "labels": {},
            "name": "",
            "network_id": "enpef98kgdf7g02jakk4",
            "route_table_id": "",
            "timeouts": null,
            "v4_cidr_blocks": [
              "10.5.0.0/24"
            ],
            "v6_cidr_blocks": [],
            "zone": "ru-central1-a"
          },
          "sensitive_attributes": [],
          "private": "eyJlMmJmYjczMC1lY2FhLTExZTYtOGY4OC0zNDM2M2JjN2M0YzAiOnsiY3JlYXRlIjoxODAwMDAwMDAwMDAsImRlbGV0ZSI6MTgwMDAwMDAwMDAwLCJ1cGRhdGUiOjE4MDAwMDAwMDAwMH19",
          "dependencies": [
            "yandex_vpc_network.custom_vpc"
          ]
        }
      ]
    }
  ],
  "check_results": null
}
